
Microsoft Visual Studio Solution File, Format Version 12.00
# Visual Studio Version 17
VisualStudioVersion = 17.11.35222.181
MinimumVisualStudioVersion = 10.0.40219.1
Project("{FAE04EC0-301F-11D3-BF4B-00C04F79EFBC}") = "Sedziowanie", "Sedziowanie.csproj", "{D8E5F68C-411A-4107-9BE1-916AF124DECD}"
EndProject
Global
	GlobalSection(SolutionConfigurationPlatforms) = preSolution
		Debug|Any CPU = Debug|Any CPU
		Release|Any CPU = Release|Any CPU
	EndGlobalSection
	GlobalSection(ProjectConfigurationPlatforms) = postSolution
		{D8E5F68C-411A-4107-9BE1-916AF124DECD}.Debug|Any CPU.ActiveCfg = Debug|Any CPU
		{D8E5F68C-411A-4107-9BE1-916AF124DECD}.Debug|Any CPU.Build.0 = Debug|Any CPU
		{D8E5F68C-411A-4107-9BE1-916AF124DECD}.Release|Any CPU.ActiveCfg = Release|Any CPU
		{D8E5F68C-411A-4107-9BE1-916AF124DECD}.Release|Any CPU.Build.0 = Release|Any CPU
	EndGlobalSection
	GlobalSection(SolutionProperties) = preSolution
		HideSolutionNode = FALSE
	EndGlobalSection
	GlobalSection(ExtensibilityGlobals) = postSolution
		SolutionGuid = {77EFFFD3-47BF-4551-AAE0-96715B93F4DA}
	EndGlobalSection
EndGlobal
